
Microsoft Visual Studio Solution File, Format Version 12.00
# Visual Studio Version 17
VisualStudioVersion = 17.0.31903.59
MinimumVisualStudioVersion = 10.0.40219.1
Project("{9A19103F-16F7-4668-BE54-9A1E7A4F7556}") = "ETicaret.Products", "ETicaret.Products\ETicaret.Products.csproj", "{5A089119-741A-4227-B3A4-697713BC9D5E}"
EndProject
Project("{2150E333-8FDC-42A3-9474-1A3956D46DE8}") = "src", "src", "{D74782FF-D4CD-4B42-9FCA-F228E506713A}"
EndProject
Project("{2150E333-8FDC-42A3-9474-1A3956D46DE8}") = "Products", "Products", "{A067C79A-4268-467F-B26F-C3D2D9A1229B}"
EndProject
Project("{E53339B2-1760-4266-BCC7-CA923CBCF16C}") = "docker-compose", "docker-compose.dcproj", "{A184827C-1F6C-4975-9710-08766C7FEFC5}"
EndProject
Project("{2150E333-8FDC-42A3-9474-1A3956D46DE8}") = "Categories", "Categories", "{494B22F4-8466-4569-99B1-237F0A7624CD}"
EndProject
Project("{9A19103F-16F7-4668-BE54-9A1E7A4F7556}") = "ETicaret.Categories", "ETicaret.Categories\ETicaret.Categories.csproj", "{1A4310A4-B39A-408E-B119-359876336451}"
EndProject
Project("{2150E333-8FDC-42A3-9474-1A3956D46DE8}") = "Services", "Services", "{B8B65103-AD79-4AC5-B32A-B40CB2665CA9}"
EndProject
Project("{2150E333-8FDC-42A3-9474-1A3956D46DE8}") = "ApiGateway", "ApiGateway", "{593A78CF-817F-4EEB-AD1E-063C40C1BB18}"
EndProject
Project("{2150E333-8FDC-42A3-9474-1A3956D46DE8}") = "WebApp", "WebApp", "{4DB41FEC-7CC0-4FA5-A270-4ABD183913EA}"
EndProject
Project("{2150E333-8FDC-42A3-9474-1A3956D46DE8}") = "Common", "Common", "{9AB1BEAE-C639-4E3F-A6EE-E3179C4ADDBA}"
EndProject
Project("{9A19103F-16F7-4668-BE54-9A1E7A4F7556}") = "EventBusRabbitMQ", "EventBusRabbitMQ\EventBusRabbitMQ.csproj", "{E0F07775-1215-4E18-AF13-1304AE5B496E}"
EndProject
Project("{2150E333-8FDC-42A3-9474-1A3956D46DE8}") = "Users", "Users", "{E192CBED-D1F1-4529-A425-2777936A6F9E}"
EndProject
Project("{9A19103F-16F7-4668-BE54-9A1E7A4F7556}") = "ETicaret.Users", "ETicaret.Users\ETicaret.Users.csproj", "{D90EF893-8BC5-4E04-8D04-C8172366730D}"
EndProject
Project("{2150E333-8FDC-42A3-9474-1A3956D46DE8}") = "Orders", "Orders", "{9EEEE2FD-BBD2-461E-A208-DBFCC6DB62ED}"
EndProject
Project("{2150E333-8FDC-42A3-9474-1A3956D46DE8}") = "Baskets", "Baskets", "{41E42052-1E07-4BC4-891E-09099213E409}"
EndProject
Project("{2150E333-8FDC-42A3-9474-1A3956D46DE8}") = "Identities", "Identities", "{98E0986C-1B89-4663-A084-55926F11E90F}"
EndProject
Project("{9A19103F-16F7-4668-BE54-9A1E7A4F7556}") = "ETicaret.Identities", "ETicaret.Identities\ETicaret.Identities.csproj", "{6AE22067-14A9-45EB-9AC5-AF3B531F5836}"
EndProject
Project("{9A19103F-16F7-4668-BE54-9A1E7A4F7556}") = "ETicaret.Application", "ETicaret.Application\ETicaret.Application.csproj", "{CC0B09B6-C945-4FB5-BBD7-B55CDAEA196C}"
EndProject
Project("{9A19103F-16F7-4668-BE54-9A1E7A4F7556}") = "ETicaret.Domain", "ETicaret.Domain\ETicaret.Domain.csproj", "{E520F090-5E46-411B-A37E-FC7067DF978A}"
EndProject
Project("{9A19103F-16F7-4668-BE54-9A1E7A4F7556}") = "ETicaret.Orders", "ETicaret.Orders\ETicaret.Orders.csproj", "{7CA9E109-16CB-43D5-83D3-9979919AEEBB}"
EndProject
Project("{9A19103F-16F7-4668-BE54-9A1E7A4F7556}") = "ETicaret.Infrastructure", "ETicaret.Infrastructure\ETicaret.Infrastructure.csproj", "{D386F15A-69CB-4B21-A416-3F2BB97F7131}"
EndProject
Project("{9A19103F-16F7-4668-BE54-9A1E7A4F7556}") = "ETicaret.Baskets", "ETicaret.Baskets\ETicaret.Baskets.csproj", "{D5CDDB52-A418-4D16-8EAB-F7A081E8CD6A}"
EndProject
Global
	GlobalSection(SolutionConfigurationPlatforms) = preSolution
		Debug|Any CPU = Debug|Any CPU
		Release|Any CPU = Release|Any CPU
	EndGlobalSection
	GlobalSection(ProjectConfigurationPlatforms) = postSolution
		{5A089119-741A-4227-B3A4-697713BC9D5E}.Debug|Any CPU.ActiveCfg = Debug|Any CPU
		{5A089119-741A-4227-B3A4-697713BC9D5E}.Debug|Any CPU.Build.0 = Debug|Any CPU
		{5A089119-741A-4227-B3A4-697713BC9D5E}.Release|Any CPU.ActiveCfg = Release|Any CPU
		{5A089119-741A-4227-B3A4-697713BC9D5E}.Release|Any CPU.Build.0 = Release|Any CPU
		{A184827C-1F6C-4975-9710-08766C7FEFC5}.Debug|Any CPU.ActiveCfg = Debug|Any CPU
		{A184827C-1F6C-4975-9710-08766C7FEFC5}.Debug|Any CPU.Build.0 = Debug|Any CPU
		{A184827C-1F6C-4975-9710-08766C7FEFC5}.Release|Any CPU.ActiveCfg = Release|Any CPU
		{A184827C-1F6C-4975-9710-08766C7FEFC5}.Release|Any CPU.Build.0 = Release|Any CPU
		{1A4310A4-B39A-408E-B119-359876336451}.Debug|Any CPU.ActiveCfg = Debug|Any CPU
		{1A4310A4-B39A-408E-B119-359876336451}.Debug|Any CPU.Build.0 = Debug|Any CPU
		{1A4310A4-B39A-408E-B119-359876336451}.Release|Any CPU.ActiveCfg = Release|Any CPU
		{1A4310A4-B39A-408E-B119-359876336451}.Release|Any CPU.Build.0 = Release|Any CPU
		{E0F07775-1215-4E18-AF13-1304AE5B496E}.Debug|Any CPU.ActiveCfg = Debug|Any CPU
		{E0F07775-1215-4E18-AF13-1304AE5B496E}.Debug|Any CPU.Build.0 = Debug|Any CPU
		{E0F07775-1215-4E18-AF13-1304AE5B496E}.Release|Any CPU.ActiveCfg = Release|Any CPU
		{E0F07775-1215-4E18-AF13-1304AE5B496E}.Release|Any CPU.Build.0 = Release|Any CPU
		{D90EF893-8BC5-4E04-8D04-C8172366730D}.Debug|Any CPU.ActiveCfg = Debug|Any CPU
		{D90EF893-8BC5-4E04-8D04-C8172366730D}.Debug|Any CPU.Build.0 = Debug|Any CPU
		{D90EF893-8BC5-4E04-8D04-C8172366730D}.Release|Any CPU.ActiveCfg = Release|Any CPU
		{D90EF893-8BC5-4E04-8D04-C8172366730D}.Release|Any CPU.Build.0 = Release|Any CPU
		{6AE22067-14A9-45EB-9AC5-AF3B531F5836}.Debug|Any CPU.ActiveCfg = Debug|Any CPU
		{6AE22067-14A9-45EB-9AC5-AF3B531F5836}.Debug|Any CPU.Build.0 = Debug|Any CPU
		{6AE22067-14A9-45EB-9AC5-AF3B531F5836}.Release|Any CPU.ActiveCfg = Release|Any CPU
		{6AE22067-14A9-45EB-9AC5-AF3B531F5836}.Release|Any CPU.Build.0 = Release|Any CPU
		{CC0B09B6-C945-4FB5-BBD7-B55CDAEA196C}.Debug|Any CPU.ActiveCfg = Debug|Any CPU
		{CC0B09B6-C945-4FB5-BBD7-B55CDAEA196C}.Debug|Any CPU.Build.0 = Debug|Any CPU
		{CC0B09B6-C945-4FB5-BBD7-B55CDAEA196C}.Release|Any CPU.ActiveCfg = Release|Any CPU
		{CC0B09B6-C945-4FB5-BBD7-B55CDAEA196C}.Release|Any CPU.Build.0 = Release|Any CPU
		{E520F090-5E46-411B-A37E-FC7067DF978A}.Debug|Any CPU.ActiveCfg = Debug|Any CPU
		{E520F090-5E46-411B-A37E-FC7067DF978A}.Debug|Any CPU.Build.0 = Debug|Any CPU
		{E520F090-5E46-411B-A37E-FC7067DF978A}.Release|Any CPU.ActiveCfg = Release|Any CPU
		{E520F090-5E46-411B-A37E-FC7067DF978A}.Release|Any CPU.Build.0 = Release|Any CPU
		{7CA9E109-16CB-43D5-83D3-9979919AEEBB}.Debug|Any CPU.ActiveCfg = Debug|Any CPU
		{7CA9E109-16CB-43D5-83D3-9979919AEEBB}.Debug|Any CPU.Build.0 = Debug|Any CPU
		{7CA9E109-16CB-43D5-83D3-9979919AEEBB}.Release|Any CPU.ActiveCfg = Release|Any CPU
		{7CA9E109-16CB-43D5-83D3-9979919AEEBB}.Release|Any CPU.Build.0 = Release|Any CPU
		{D386F15A-69CB-4B21-A416-3F2BB97F7131}.Debug|Any CPU.ActiveCfg = Debug|Any CPU
		{D386F15A-69CB-4B21-A416-3F2BB97F7131}.Debug|Any CPU.Build.0 = Debug|Any CPU
		{D386F15A-69CB-4B21-A416-3F2BB97F7131}.Release|Any CPU.ActiveCfg = Release|Any CPU
		{D386F15A-69CB-4B21-A416-3F2BB97F7131}.Release|Any CPU.Build.0 = Release|Any CPU
		{D5CDDB52-A418-4D16-8EAB-F7A081E8CD6A}.Debug|Any CPU.ActiveCfg = Debug|Any CPU
		{D5CDDB52-A418-4D16-8EAB-F7A081E8CD6A}.Debug|Any CPU.Build.0 = Debug|Any CPU
		{D5CDDB52-A418-4D16-8EAB-F7A081E8CD6A}.Release|Any CPU.ActiveCfg = Release|Any CPU
		{D5CDDB52-A418-4D16-8EAB-F7A081E8CD6A}.Release|Any CPU.Build.0 = Release|Any CPU
	EndGlobalSection
	GlobalSection(SolutionProperties) = preSolution
		HideSolutionNode = FALSE
	EndGlobalSection
	GlobalSection(NestedProjects) = preSolution
		{5A089119-741A-4227-B3A4-697713BC9D5E} = {A067C79A-4268-467F-B26F-C3D2D9A1229B}
		{A067C79A-4268-467F-B26F-C3D2D9A1229B} = {B8B65103-AD79-4AC5-B32A-B40CB2665CA9}
		{494B22F4-8466-4569-99B1-237F0A7624CD} = {B8B65103-AD79-4AC5-B32A-B40CB2665CA9}
		{1A4310A4-B39A-408E-B119-359876336451} = {494B22F4-8466-4569-99B1-237F0A7624CD}
		{B8B65103-AD79-4AC5-B32A-B40CB2665CA9} = {D74782FF-D4CD-4B42-9FCA-F228E506713A}
		{593A78CF-817F-4EEB-AD1E-063C40C1BB18} = {D74782FF-D4CD-4B42-9FCA-F228E506713A}
		{4DB41FEC-7CC0-4FA5-A270-4ABD183913EA} = {D74782FF-D4CD-4B42-9FCA-F228E506713A}
		{9AB1BEAE-C639-4E3F-A6EE-E3179C4ADDBA} = {B8B65103-AD79-4AC5-B32A-B40CB2665CA9}
		{E0F07775-1215-4E18-AF13-1304AE5B496E} = {9AB1BEAE-C639-4E3F-A6EE-E3179C4ADDBA}
		{E192CBED-D1F1-4529-A425-2777936A6F9E} = {B8B65103-AD79-4AC5-B32A-B40CB2665CA9}
		{D90EF893-8BC5-4E04-8D04-C8172366730D} = {E192CBED-D1F1-4529-A425-2777936A6F9E}
		{9EEEE2FD-BBD2-461E-A208-DBFCC6DB62ED} = {B8B65103-AD79-4AC5-B32A-B40CB2665CA9}
		{41E42052-1E07-4BC4-891E-09099213E409} = {B8B65103-AD79-4AC5-B32A-B40CB2665CA9}
		{98E0986C-1B89-4663-A084-55926F11E90F} = {B8B65103-AD79-4AC5-B32A-B40CB2665CA9}
		{6AE22067-14A9-45EB-9AC5-AF3B531F5836} = {98E0986C-1B89-4663-A084-55926F11E90F}
		{CC0B09B6-C945-4FB5-BBD7-B55CDAEA196C} = {9EEEE2FD-BBD2-461E-A208-DBFCC6DB62ED}
		{E520F090-5E46-411B-A37E-FC7067DF978A} = {9EEEE2FD-BBD2-461E-A208-DBFCC6DB62ED}
		{7CA9E109-16CB-43D5-83D3-9979919AEEBB} = {9EEEE2FD-BBD2-461E-A208-DBFCC6DB62ED}
		{D386F15A-69CB-4B21-A416-3F2BB97F7131} = {9EEEE2FD-BBD2-461E-A208-DBFCC6DB62ED}
		{D5CDDB52-A418-4D16-8EAB-F7A081E8CD6A} = {41E42052-1E07-4BC4-891E-09099213E409}
	EndGlobalSection
	GlobalSection(ExtensibilityGlobals) = postSolution
		SolutionGuid = {19784263-95EC-482F-9E4D-3D0C82807C43}
	EndGlobalSection
EndGlobal
